
Microsoft Visual Studio Solution File, Format Version 12.00
# Visual Studio Version 16
VisualStudioVersion = 16.0.30114.105
MinimumVisualStudioVersion = 10.0.40219.1
Project("{FAE04EC0-301F-11D3-BF4B-00C04F79EFBC}") = "API", "API\API.csproj", "{8EF322B9-B785-4DAB-9A62-2FDBF4EFED3B}"
EndProject
Project("{FAE04EC0-301F-11D3-BF4B-00C04F79EFBC}") = "Application", "Application\Application.csproj", "{062D8143-9AD0-40AC-9273-5E9FDE919B7A}"
EndProject
Project("{FAE04EC0-301F-11D3-BF4B-00C04F79EFBC}") = "Domain", "Domain\Domain.csproj", "{D626E267-57EF-4B87-A015-E947419ED662}"
EndProject
Project("{FAE04EC0-301F-11D3-BF4B-00C04F79EFBC}") = "Persistence", "Persistence\Persistence.csproj", "{C2A31B41-5DEA-4519-B05B-DC6E30443269}"
EndProject
Global
	GlobalSection(SolutionConfigurationPlatforms) = preSolution
		Debug|Any CPU = Debug|Any CPU
		Debug|x64 = Debug|x64
		Debug|x86 = Debug|x86
		Release|Any CPU = Release|Any CPU
		Release|x64 = Release|x64
		Release|x86 = Release|x86
	EndGlobalSection
	GlobalSection(SolutionProperties) = preSolution
		HideSolutionNode = FALSE
	EndGlobalSection
	GlobalSection(ProjectConfigurationPlatforms) = postSolution
		{8EF322B9-B785-4DAB-9A62-2FDBF4EFED3B}.Debug|Any CPU.ActiveCfg = Debug|Any CPU
		{8EF322B9-B785-4DAB-9A62-2FDBF4EFED3B}.Debug|Any CPU.Build.0 = Debug|Any CPU
		{8EF322B9-B785-4DAB-9A62-2FDBF4EFED3B}.Debug|x64.ActiveCfg = Debug|Any CPU
		{8EF322B9-B785-4DAB-9A62-2FDBF4EFED3B}.Debug|x64.Build.0 = Debug|Any CPU
		{8EF322B9-B785-4DAB-9A62-2FDBF4EFED3B}.Debug|x86.ActiveCfg = Debug|Any CPU
		{8EF322B9-B785-4DAB-9A62-2FDBF4EFED3B}.Debug|x86.Build.0 = Debug|Any CPU
		{8EF322B9-B785-4DAB-9A62-2FDBF4EFED3B}.Release|Any CPU.ActiveCfg = Release|Any CPU
		{8EF322B9-B785-4DAB-9A62-2FDBF4EFED3B}.Release|Any CPU.Build.0 = Release|Any CPU
		{8EF322B9-B785-4DAB-9A62-2FDBF4EFED3B}.Release|x64.ActiveCfg = Release|Any CPU
		{8EF322B9-B785-4DAB-9A62-2FDBF4EFED3B}.Release|x64.Build.0 = Release|Any CPU
		{8EF322B9-B785-4DAB-9A62-2FDBF4EFED3B}.Release|x86.ActiveCfg = Release|Any CPU
		{8EF322B9-B785-4DAB-9A62-2FDBF4EFED3B}.Release|x86.Build.0 = Release|Any CPU
		{062D8143-9AD0-40AC-9273-5E9FDE919B7A}.Debug|Any CPU.ActiveCfg = Debug|Any CPU
		{062D8143-9AD0-40AC-9273-5E9FDE919B7A}.Debug|Any CPU.Build.0 = Debug|Any CPU
		{062D8143-9AD0-40AC-9273-5E9FDE919B7A}.Debug|x64.ActiveCfg = Debug|Any CPU
		{062D8143-9AD0-40AC-9273-5E9FDE919B7A}.Debug|x64.Build.0 = Debug|Any CPU
		{062D8143-9AD0-40AC-9273-5E9FDE919B7A}.Debug|x86.ActiveCfg = Debug|Any CPU
		{062D8143-9AD0-40AC-9273-5E9FDE919B7A}.Debug|x86.Build.0 = Debug|Any CPU
		{062D8143-9AD0-40AC-9273-5E9FDE919B7A}.Release|Any CPU.ActiveCfg = Release|Any CPU
		{062D8143-9AD0-40AC-9273-5E9FDE919B7A}.Release|Any CPU.Build.0 = Release|Any CPU
		{062D8143-9AD0-40AC-9273-5E9FDE919B7A}.Release|x64.ActiveCfg = Release|Any CPU
		{062D8143-9AD0-40AC-9273-5E9FDE919B7A}.Release|x64.Build.0 = Release|Any CPU
		{062D8143-9AD0-40AC-9273-5E9FDE919B7A}.Release|x86.ActiveCfg = Release|Any CPU
		{062D8143-9AD0-40AC-9273-5E9FDE919B7A}.Release|x86.Build.0 = Release|Any CPU
		{D626E267-57EF-4B87-A015-E947419ED662}.Debug|Any CPU.ActiveCfg = Debug|Any CPU
		{D626E267-57EF-4B87-A015-E947419ED662}.Debug|Any CPU.Build.0 = Debug|Any CPU
		{D626E267-57EF-4B87-A015-E947419ED662}.Debug|x64.ActiveCfg = Debug|Any CPU
		{D626E267-57EF-4B87-A015-E947419ED662}.Debug|x64.Build.0 = Debug|Any CPU
		{D626E267-57EF-4B87-A015-E947419ED662}.Debug|x86.ActiveCfg = Debug|Any CPU
		{D626E267-57EF-4B87-A015-E947419ED662}.Debug|x86.Build.0 = Debug|Any CPU
		{D626E267-57EF-4B87-A015-E947419ED662}.Release|Any CPU.ActiveCfg = Release|Any CPU
		{D626E267-57EF-4B87-A015-E947419ED662}.Release|Any CPU.Build.0 = Release|Any CPU
		{D626E267-57EF-4B87-A015-E947419ED662}.Release|x64.ActiveCfg = Release|Any CPU
		{D626E267-57EF-4B87-A015-E947419ED662}.Release|x64.Build.0 = Release|Any CPU
		{D626E267-57EF-4B87-A015-E947419ED662}.Release|x86.ActiveCfg = Release|Any CPU
		{D626E267-57EF-4B87-A015-E947419ED662}.Release|x86.Build.0 = Release|Any CPU
		{C2A31B41-5DEA-4519-B05B-DC6E30443269}.Debug|Any CPU.ActiveCfg = Debug|Any CPU
		{C2A31B41-5DEA-4519-B05B-DC6E30443269}.Debug|Any CPU.Build.0 = Debug|Any CPU
		{C2A31B41-5DEA-4519-B05B-DC6E30443269}.Debug|x64.ActiveCfg = Debug|Any CPU
		{C2A31B41-5DEA-4519-B05B-DC6E30443269}.Debug|x64.Build.0 = Debug|Any CPU
		{C2A31B41-5DEA-4519-B05B-DC6E30443269}.Debug|x86.ActiveCfg = Debug|Any CPU
		{C2A31B41-5DEA-4519-B05B-DC6E30443269}.Debug|x86.Build.0 = Debug|Any CPU
		{C2A31B41-5DEA-4519-B05B-DC6E30443269}.Release|Any CPU.ActiveCfg = Release|Any CPU
		{C2A31B41-5DEA-4519-B05B-DC6E30443269}.Release|Any CPU.Build.0 = Release|Any CPU
		{C2A31B41-5DEA-4519-B05B-DC6E30443269}.Release|x64.ActiveCfg = Release|Any CPU
		{C2A31B41-5DEA-4519-B05B-DC6E30443269}.Release|x64.Build.0 = Release|Any CPU
		{C2A31B41-5DEA-4519-B05B-DC6E30443269}.Release|x86.ActiveCfg = Release|Any CPU
		{C2A31B41-5DEA-4519-B05B-DC6E30443269}.Release|x86.Build.0 = Release|Any CPU
	EndGlobalSection
EndGlobal
